{
  "version": 4,
  "terraform_version": "1.3.1",
  "serial": 55,
  "lineage": "47d1b795-6c9b-668e-baf1-f2a8e4950657",
  "outputs": {
    "resource_group_id1": {
      "value": "/subscriptions/c9dd0418-f54d-4ac0-b81b-2c725867e1f5/resourceGroups/myTFResourceGroup1",
      "type": "string"
    },
    "resource_group_id2": {
      "value": "/subscriptions/c9dd0418-f54d-4ac0-b81b-2c725867e1f5/resourceGroups/myTFResourceGroup2",
      "type": "string"
    }
  },
  "resources": [
    {
      "mode": "managed",
      "type": "azurerm_resource_group",
      "name": "rg1",
      "provider": "provider[\"registry.terraform.io/hashicorp/azurerm\"]",
      "instances": [
        {
          "schema_version": 0,
          "attributes": {
            "id": "/subscriptions/c9dd0418-f54d-4ac0-b81b-2c725867e1f5/resourceGroups/myTFResourceGroup1",
            "location": "eastus",
            "name": "myTFResourceGroup1",
            "tags": {
              "CreatedBy": "Travis",
              "Env": "Dev"
            },
            "timeouts": null
          },
          "sensitive_attributes": [],
          "private": "eyJlMmJmYjczMC1lY2FhLTExZTYtOGY4OC0zNDM2M2JjN2M0YzAiOnsiY3JlYXRlIjo1NDAwMDAwMDAwMDAwLCJkZWxldGUiOjU0MDAwMDAwMDAwMDAsInJlYWQiOjMwMDAwMDAwMDAwMCwidXBkYXRlIjo1NDAwMDAwMDAwMDAwfX0="
        }
      ]
    },
    {
      "mode": "managed",
      "type": "azurerm_resource_group",
      "name": "rg2",
      "provider": "provider[\"registry.terraform.io/hashicorp/azurerm\"]",
      "instances": [
        {
          "schema_version": 0,
          "attributes": {
            "id": "/subscriptions/c9dd0418-f54d-4ac0-b81b-2c725867e1f5/resourceGroups/myTFResourceGroup2",
            "location": "eastus",
            "name": "myTFResourceGroup2",
            "tags": {
              "CreatedBy": "Travis",
              "Env": "Prod"
            },
            "timeouts": null
          },
          "sensitive_attributes": [],
          "private": "eyJlMmJmYjczMC1lY2FhLTExZTYtOGY4OC0zNDM2M2JjN2M0YzAiOnsiY3JlYXRlIjo1NDAwMDAwMDAwMDAwLCJkZWxldGUiOjU0MDAwMDAwMDAwMDAsInJlYWQiOjMwMDAwMDAwMDAwMCwidXBkYXRlIjo1NDAwMDAwMDAwMDAwfX0="
        }
      ]
    },
    {
      "mode": "managed",
      "type": "azurerm_virtual_network",
      "name": "vnet",
      "provider": "provider[\"registry.terraform.io/hashicorp/azurerm\"]",
      "instances": [
        {
          "schema_version": 0,
          "attributes": {
            "address_space": [
              "10.0.0.0/16"
            ],
            "bgp_community": "",
            "ddos_protection_plan": [],
            "dns_servers": [],
            "edge_zone": "",
            "flow_timeout_in_minutes": 0,
            "guid": "00002dd6-78a9-427e-bed7-4c266d24c9b3",
            "id": "/subscriptions/c9dd0418-f54d-4ac0-b81b-2c725867e1f5/resourceGroups/myTFResourceGroup1/providers/Microsoft.Network/virtualNetworks/myTFVnet",
            "location": "eastus",
            "name": "myTFVnet",
            "resource_group_name": "myTFResourceGroup1",
            "subnet": [],
            "tags": null,
            "timeouts": null
          },
          "sensitive_attributes": [],
          "private": "eyJlMmJmYjczMC1lY2FhLTExZTYtOGY4OC0zNDM2M2JjN2M0YzAiOnsiY3JlYXRlIjoxODAwMDAwMDAwMDAwLCJkZWxldGUiOjE4MDAwMDAwMDAwMDAsInJlYWQiOjMwMDAwMDAwMDAwMCwidXBkYXRlIjoxODAwMDAwMDAwMDAwfX0=",
          "dependencies": [
            "azurerm_resource_group.rg1"
          ]
        }
      ]
    }
  ],
  "check_results": []
}
